# This file is autogenerated, do not edit; changes may be undone by the next 'dep ensure'.


[[projects]]
  branch = "master"
  name = "github.com/apex/log"
  packages = [".","handlers/cli"]
  revision = "0296d6eb16bb28f8a0c55668affcf4876dc269be"

[[projects]]
  branch = "master"
  name = "github.com/gramework/gramework"
  packages = ["infrastructure"]
  revision = "1d35ee1d77a193f28d9e50cd6b705be448e33b8c"

[[projects]]
  branch = "master"
  name = "github.com/gramework/utils"
  packages = ["nocopy"]
  revision = "c1659867714f3a35a8bc5706e339f328f957bf6f"

[[projects]]
  name = "github.com/kirillDanshin/letsencrypt"
  packages = ["."]
  revision = "fbe7b641c8dbd0d83c0030b9c1ab982c63108e98"
  version = "v5"

[[projects]]
  name = "github.com/klauspost/compress"
  packages = ["flate","gzip","zlib"]
  revision = "6c8db69c4b49dd4df1fff66996cf556176d0b9bf"
  version = "v1.2.1"

[[projects]]
  name = "github.com/klauspost/cpuid"
  packages = ["."]
  revision = "ae7887de9fa5d2db4eaa8174a7eff2c1ac00f2da"
  version = "v1.1"

[[projects]]
  name = "github.com/klauspost/crc32"
  packages = ["."]
  revision = "cb6bfca970f6908083f26f39a79009d608efd5cd"
  version = "v1.1"

[[projects]]
  branch = "master"
  name = "github.com/miekg/dns"
  packages = ["."]
  revision = "bbca4873b326f5dc54bfe31148446d4ed79a5a02"

[[projects]]
  name = "github.com/pkg/errors"
  packages = ["."]
  revision = "645ef00459ed84a119197bfb8d8205042c6df63d"
  version = "v0.8.0"

[[projects]]
  branch = "master"
  name = "github.com/tsingson/gramework"
  packages = ["."]
  revision = "d39a509328ca584ec655b1c3ff516644a4099d4c"

[[projects]]
  name = "github.com/valyala/fasthttp"
  packages = [".","fasthttputil"]
  revision = "d42167fd04f636e20b005e9934159e95454233c7"
  version = "v20160617"

[[projects]]
  name = "github.com/xenolf/lego"
  packages = ["acme"]
  revision = "192334c448f7e1e271bca93062f2f295cb3f35c8"
  version = "v0.4.0"

[[projects]]
  branch = "master"
  name = "golang.org/x/crypto"
  packages = ["acme","acme/autocert","ocsp"]
  revision = "b176d7def5d71bdd214203491f89843ed217f420"

[[projects]]
  branch = "release-branch.go1.6"
  name = "golang.org/x/net"
  packages = ["context","idna","publicsuffix"]
  revision = "62685c2d7ca23c807425dca88b11a3e2323dab41"

[[projects]]
  branch = "master"
  name = "golang.org/x/time"
  packages = ["rate"]
  revision = "8be79e1e0910c292df4e79c241bb7e8f7e725959"

[[projects]]
  name = "gopkg.in/square/go-jose.v1"
  packages = [".","cipher","json"]
  revision = "aa2e30fdd1fe9dd3394119af66451ae790d50e0d"
  version = "v1.1.0"

[solve-meta]
  analyzer-name = "dep"
  analyzer-version = 1
  inputs-digest = "ea1a3f9a2be80e747f0140493055b38816792ffd9f7ee5a6571d1f6ff81271f4"
  solver-name = "gps-cdcl"
  solver-version = 1
